// !$*UTF8*$!
{
	archiveVersion = 1;
	classes = {
	};
	objectVersion = 50;
	objects = {

/* Begin PBXBuildFile section */
		15AD36F211E255ED57C4B345 /* libPods-FindCountryUITests.a in Frameworks */ = {isa = PBXBuildFile; fileRef = 138B7C5D693FB7A207C36304 /* libPods-FindCountryUITests.a */; };
		AE27B87393830694893FAF72 /* libPods-FindCountry.a in Frameworks */ = {isa = PBXBuildFile; fileRef = 38B371538DCBB6292EFAAA4B /* libPods-FindCountry.a */; };
		B158387F21C3B1AE00C80DA8 /* AppDelegate.swift in Sources */ = {isa = PBXBuildFile; fileRef = B158387E21C3B1AE00C80DA8 /* AppDelegate.swift */; };
		B158388421C3B1AE00C80DA8 /* Main.storyboard in Resources */ = {isa = PBXBuildFile; fileRef = B158388221C3B1AE00C80DA8 /* Main.storyboard */; };
		B158388721C3B1AE00C80DA8 /* FindCountry.xcdatamodeld in Sources */ = {isa = PBXBuildFile; fileRef = B158388521C3B1AE00C80DA8 /* FindCountry.xcdatamodeld */; };
		B158388921C3B1AF00C80DA8 /* Assets.xcassets in Resources */ = {isa = PBXBuildFile; fileRef = B158388821C3B1AF00C80DA8 /* Assets.xcassets */; };
		B158388C21C3B1AF00C80DA8 /* LaunchScreen.storyboard in Resources */ = {isa = PBXBuildFile; fileRef = B158388A21C3B1AF00C80DA8 /* LaunchScreen.storyboard */; };
		B158389721C3B1AF00C80DA8 /* FindCountryTests.swift in Sources */ = {isa = PBXBuildFile; fileRef = B158389621C3B1AF00C80DA8 /* FindCountryTests.swift */; };
		B15838A221C3B1AF00C80DA8 /* FindCountryUITests.swift in Sources */ = {isa = PBXBuildFile; fileRef = B15838A121C3B1AF00C80DA8 /* FindCountryUITests.swift */; };
		B15838C821C3C20000C80DA8 /* SKServiceManager.swift in Sources */ = {isa = PBXBuildFile; fileRef = B15838B921C3C20000C80DA8 /* SKServiceManager.swift */; };
		B15838C921C3C20000C80DA8 /* SKServiceConstants.swift in Sources */ = {isa = PBXBuildFile; fileRef = B15838BB21C3C20000C80DA8 /* SKServiceConstants.swift */; };
		B15838CA21C3C20000C80DA8 /* SKServiceConfigauration.swift in Sources */ = {isa = PBXBuildFile; fileRef = B15838BC21C3C20000C80DA8 /* SKServiceConfigauration.swift */; };
		B15838CB21C3C20000C80DA8 /* SKUtility.swift in Sources */ = {isa = PBXBuildFile; fileRef = B15838BE21C3C20000C80DA8 /* SKUtility.swift */; };
		B15838CC21C3C20000C80DA8 /* SKServiceManagerProtocol.swift in Sources */ = {isa = PBXBuildFile; fileRef = B15838C021C3C20000C80DA8 /* SKServiceManagerProtocol.swift */; };
		B15838CD21C3C20000C80DA8 /* ViewController.swift in Sources */ = {isa = PBXBuildFile; fileRef = B15838C221C3C20000C80DA8 /* ViewController.swift */; };
		B15838CE21C3C20000C80DA8 /* FCUtility.swift in Sources */ = {isa = PBXBuildFile; fileRef = B15838C321C3C20000C80DA8 /* FCUtility.swift */; };
		B15838CF21C3C20000C80DA8 /* APIConstants.swift in Sources */ = {isa = PBXBuildFile; fileRef = B15838C421C3C20000C80DA8 /* APIConstants.swift */; };
		B15838D221C3C20000C80DA8 /* SGModelMappable.swift in Sources */ = {isa = PBXBuildFile; fileRef = B15838C721C3C20000C80DA8 /* SGModelMappable.swift */; };
		B15838DB21C3C62700C80DA8 /* FCCountryListViewModel.swift in Sources */ = {isa = PBXBuildFile; fileRef = B15838D521C3C62700C80DA8 /* FCCountryListViewModel.swift */; };
		B15838DE21C3C62700C80DA8 /* FCCountryListAPI.swift in Sources */ = {isa = PBXBuildFile; fileRef = B15838D721C3C62700C80DA8 /* FCCountryListAPI.swift */; };
		B15838E121C3C62700C80DA8 /* FCCountryModel.swift in Sources */ = {isa = PBXBuildFile; fileRef = B15838D821C3C62700C80DA8 /* FCCountryModel.swift */; };
		B15838E421C3C62700C80DA8 /* FCCountryListViewController.swift in Sources */ = {isa = PBXBuildFile; fileRef = B15838DA21C3C62700C80DA8 /* FCCountryListViewController.swift */; };
		B15838E821C3CA5B00C80DA8 /* FCCountryListCell.swift in Sources */ = {isa = PBXBuildFile; fileRef = B15838E721C3CA5B00C80DA8 /* FCCountryListCell.swift */; };
		B15838EC21C3CA7600C80DA8 /* FCCountryListCell.xib in Resources */ = {isa = PBXBuildFile; fileRef = B15838EB21C3CA7600C80DA8 /* FCCountryListCell.xib */; };
		B15838ED21C3CA7600C80DA8 /* FCCountryListCell.xib in Resources */ = {isa = PBXBuildFile; fileRef = B15838EB21C3CA7600C80DA8 /* FCCountryListCell.xib */; };
		B15838EE21C3CA7600C80DA8 /* FCCountryListCell.xib in Resources */ = {isa = PBXBuildFile; fileRef = B15838EB21C3CA7600C80DA8 /* FCCountryListCell.xib */; };
		B15838EF21C3CE1900C80DA8 /* ViewController.swift in Sources */ = {isa = PBXBuildFile; fileRef = B15838C221C3C20000C80DA8 /* ViewController.swift */; };
		B15838F021C3CE1900C80DA8 /* ViewController.swift in Sources */ = {isa = PBXBuildFile; fileRef = B15838C221C3C20000C80DA8 /* ViewController.swift */; };
		B15838F221C4DEA500C80DA8 /* Currencies.swift in Sources */ = {isa = PBXBuildFile; fileRef = B15838F121C4DEA500C80DA8 /* Currencies.swift */; };
		B15838F421C4DFBF00C80DA8 /* Languages.swift in Sources */ = {isa = PBXBuildFile; fileRef = B15838F321C4DFBF00C80DA8 /* Languages.swift */; };
		B15838F621C4DFC500C80DA8 /* RegionalBlocs.swift in Sources */ = {isa = PBXBuildFile; fileRef = B15838F521C4DFC500C80DA8 /* RegionalBlocs.swift */; };
		B15838F821C4DFCD00C80DA8 /* Translations.swift in Sources */ = {isa = PBXBuildFile; fileRef = B15838F721C4DFCD00C80DA8 /* Translations.swift */; };
		B15838FE21C52C4200C80DA8 /* FCCountriesFound.swift in Sources */ = {isa = PBXBuildFile; fileRef = B15838FD21C52C4200C80DA8 /* FCCountriesFound.swift */; };
		B158390421C6750D00C80DA8 /* FCCountryDetailViewController.swift in Sources */ = {isa = PBXBuildFile; fileRef = B158390321C6750D00C80DA8 /* FCCountryDetailViewController.swift */; };
		B158390621C683E300C80DA8 /* FCTranslationCell.swift in Sources */ = {isa = PBXBuildFile; fileRef = B158390521C683E300C80DA8 /* FCTranslationCell.swift */; };
		B158391021C742E500C80DA8 /* FCTitleCell.swift in Sources */ = {isa = PBXBuildFile; fileRef = B158390F21C742E500C80DA8 /* FCTitleCell.swift */; };
		B158391221C7778600C80DA8 /* FCSubdetailCell.swift in Sources */ = {isa = PBXBuildFile; fileRef = B158391121C7778600C80DA8 /* FCSubdetailCell.swift */; };
		B158395121C7D8BC00C80DA8 /* FCDatabaseHelper.swift in Sources */ = {isa = PBXBuildFile; fileRef = B158395021C7D8BC00C80DA8 /* FCDatabaseHelper.swift */; };
		B158395C21C7DE9600C80DA8 /* FCLanguages+CoreDataClass.swift in Sources */ = {isa = PBXBuildFile; fileRef = B158395221C7DE9500C80DA8 /* FCLanguages+CoreDataClass.swift */; };
		B158395D21C7DE9600C80DA8 /* FCCountry+CoreDataClass.swift in Sources */ = {isa = PBXBuildFile; fileRef = B158395321C7DE9500C80DA8 /* FCCountry+CoreDataClass.swift */; };
		B158395E21C7DE9600C80DA8 /* FCCurrencies+CoreDataProperties.swift in Sources */ = {isa = PBXBuildFile; fileRef = B158395421C7DE9500C80DA8 /* FCCurrencies+CoreDataProperties.swift */; };
		B158395F21C7DE9600C80DA8 /* FCCountry+CoreDataProperties.swift in Sources */ = {isa = PBXBuildFile; fileRef = B158395521C7DE9600C80DA8 /* FCCountry+CoreDataProperties.swift */; };
		B158396021C7DE9600C80DA8 /* FCCurrencies+CoreDataClass.swift in Sources */ = {isa = PBXBuildFile; fileRef = B158395621C7DE9600C80DA8 /* FCCurrencies+CoreDataClass.swift */; };
		B158396121C7DE9600C80DA8 /* FCRegionalBlocs+CoreDataProperties.swift in Sources */ = {isa = PBXBuildFile; fileRef = B158395721C7DE9600C80DA8 /* FCRegionalBlocs+CoreDataProperties.swift */; };
		B158396221C7DE9600C80DA8 /* FCTranslations+CoreDataProperties.swift in Sources */ = {isa = PBXBuildFile; fileRef = B158395821C7DE9600C80DA8 /* FCTranslations+CoreDataProperties.swift */; };
		B158396321C7DE9600C80DA8 /* FCRegionalBlocs+CoreDataClass.swift in Sources */ = {isa = PBXBuildFile; fileRef = B158395921C7DE9600C80DA8 /* FCRegionalBlocs+CoreDataClass.swift */; };
		B158396421C7DE9600C80DA8 /* FCTranslations+CoreDataClass.swift in Sources */ = {isa = PBXBuildFile; fileRef = B158395A21C7DE9600C80DA8 /* FCTranslations+CoreDataClass.swift */; };
		B158396521C7DE9600C80DA8 /* FCLanguages+CoreDataProperties.swift in Sources */ = {isa = PBXBuildFile; fileRef = B158395B21C7DE9600C80DA8 /* FCLanguages+CoreDataProperties.swift */; };
		B1F9C27221CA72F0003A9AF0 /* UICollectionViewCell+Extension.swift in Sources */ = {isa = PBXBuildFile; fileRef = B1F9C27121CA72F0003A9AF0 /* UICollectionViewCell+Extension.swift */; };
		CB1923A9688E5C3CED3526D2 /* libPods-FindCountryTests.a in Frameworks */ = {isa = PBXBuildFile; fileRef = A9E836EF663FD233E6CDBDB0 /* libPods-FindCountryTests.a */; };
/* End PBXBuildFile section */

/* Begin PBXContainerItemProxy section */
		B158389321C3B1AF00C80DA8 /* PBXContainerItemProxy */ = {
			isa = PBXContainerItemProxy;
			containerPortal = B158387321C3B1AE00C80DA8 /* Project object */;
			proxyType = 1;
			remoteGlobalIDString = B158387A21C3B1AE00C80DA8;
			remoteInfo = FindCountry;
		};
		B158389E21C3B1AF00C80DA8 /* PBXContainerItemProxy */ = {
			isa = PBXContainerItemProxy;
			containerPortal = B158387321C3B1AE00C80DA8 /* Project object */;
			proxyType = 1;
			remoteGlobalIDString = B158387A21C3B1AE00C80DA8;
			remoteInfo = FindCountry;
		};
/* End PBXContainerItemProxy section */

/* Begin PBXFileReference section */
		138B7C5D693FB7A207C36304 /* libPods-FindCountryUITests.a */ = {isa = PBXFileReference; explicitFileType = archive.ar; includeInIndex = 0; path = "libPods-FindCountryUITests.a"; sourceTree = BUILT_PRODUCTS_DIR; };
		27826C9AD1757A3B113F8C7B /* Pods-FindCountryTests.debug.xcconfig */ = {isa = PBXFileReference; includeInIndex = 1; lastKnownFileType = text.xcconfig; name = "Pods-FindCountryTests.debug.xcconfig"; path = "Pods/Target Support Files/Pods-FindCountryTests/Pods-FindCountryTests.debug.xcconfig"; sourceTree = "<group>"; };
		31CE31C701965D3C396C5695 /* Pods-FindCountryTests.release.xcconfig */ = {isa = PBXFileReference; includeInIndex = 1; lastKnownFileType = text.xcconfig; name = "Pods-FindCountryTests.release.xcconfig"; path = "Pods/Target Support Files/Pods-FindCountryTests/Pods-FindCountryTests.release.xcconfig"; sourceTree = "<group>"; };
		38B371538DCBB6292EFAAA4B /* libPods-FindCountry.a */ = {isa = PBXFileReference; explicitFileType = archive.ar; includeInIndex = 0; path = "libPods-FindCountry.a"; sourceTree = BUILT_PRODUCTS_DIR; };
		38F5ECAB9C78CC1907C5F27A /* Pods-FindCountryUITests.release.xcconfig */ = {isa = PBXFileReference; includeInIndex = 1; lastKnownFileType = text.xcconfig; name = "Pods-FindCountryUITests.release.xcconfig"; path = "Pods/Target Support Files/Pods-FindCountryUITests/Pods-FindCountryUITests.release.xcconfig"; sourceTree = "<group>"; };
		87DC982706F52657957F6322 /* Pods-FindCountryUITests.debug.xcconfig */ = {isa = PBXFileReference; includeInIndex = 1; lastKnownFileType = text.xcconfig; name = "Pods-FindCountryUITests.debug.xcconfig"; path = "Pods/Target Support Files/Pods-FindCountryUITests/Pods-FindCountryUITests.debug.xcconfig"; sourceTree = "<group>"; };
		A31DB3BB63C41EE8B0573470 /* Pods-FindCountry.release.xcconfig */ = {isa = PBXFileReference; includeInIndex = 1; lastKnownFileType = text.xcconfig; name = "Pods-FindCountry.release.xcconfig"; path = "Pods/Target Support Files/Pods-FindCountry/Pods-FindCountry.release.xcconfig"; sourceTree = "<group>"; };
		A9E836EF663FD233E6CDBDB0 /* libPods-FindCountryTests.a */ = {isa = PBXFileReference; explicitFileType = archive.ar; includeInIndex = 0; path = "libPods-FindCountryTests.a"; sourceTree = BUILT_PRODUCTS_DIR; };
		B158387B21C3B1AE00C80DA8 /* FindCountry.app */ = {isa = PBXFileReference; explicitFileType = wrapper.application; includeInIndex = 0; path = FindCountry.app; sourceTree = BUILT_PRODUCTS_DIR; };
		B158387E21C3B1AE00C80DA8 /* AppDelegate.swift */ = {isa = PBXFileReference; lastKnownFileType = sourcecode.swift; path = AppDelegate.swift; sourceTree = "<group>"; };
		B158388321C3B1AE00C80DA8 /* Base */ = {isa = PBXFileReference; lastKnownFileType = file.storyboard; name = Base; path = Base.lproj/Main.storyboard; sourceTree = "<group>"; };
		B158388621C3B1AE00C80DA8 /* FindCountry.xcdatamodel */ = {isa = PBXFileReference; lastKnownFileType = wrapper.xcdatamodel; path = FindCountry.xcdatamodel; sourceTree = "<group>"; };
		B158388821C3B1AF00C80DA8 /* Assets.xcassets */ = {isa = PBXFileReference; lastKnownFileType = folder.assetcatalog; path = Assets.xcassets; sourceTree = "<group>"; };
		B158388B21C3B1AF00C80DA8 /* Base */ = {isa = PBXFileReference; lastKnownFileType = file.storyboard; name = Base; path = Base.lproj/LaunchScreen.storyboard; sourceTree = "<group>"; };
		B158388D21C3B1AF00C80DA8 /* Info.plist */ = {isa = PBXFileReference; lastKnownFileType = text.plist.xml; path = Info.plist; sourceTree = "<group>"; };
		B158389221C3B1AF00C80DA8 /* FindCountryTests.xctest */ = {isa = PBXFileReference; explicitFileType = wrapper.cfbundle; includeInIndex = 0; path = FindCountryTests.xctest; sourceTree = BUILT_PRODUCTS_DIR; };
		B158389621C3B1AF00C80DA8 /* FindCountryTests.swift */ = {isa = PBXFileReference; lastKnownFileType = sourcecode.swift; path = FindCountryTests.swift; sourceTree = "<group>"; };
		B158389821C3B1AF00C80DA8 /* Info.plist */ = {isa = PBXFileReference; lastKnownFileType = text.plist.xml; path = Info.plist; sourceTree = "<group>"; };
		B158389D21C3B1AF00C80DA8 /* FindCountryUITests.xctest */ = {isa = PBXFileReference; explicitFileType = wrapper.cfbundle; includeInIndex = 0; path = FindCountryUITests.xctest; sourceTree = BUILT_PRODUCTS_DIR; };
		B15838A121C3B1AF00C80DA8 /* FindCountryUITests.swift */ = {isa = PBXFileReference; lastKnownFileType = sourcecode.swift; path = FindCountryUITests.swift; sourceTree = "<group>"; };
		B15838A321C3B1AF00C80DA8 /* Info.plist */ = {isa = PBXFileReference; lastKnownFileType = text.plist.xml; path = Info.plist; sourceTree = "<group>"; };
		B15838B921C3C20000C80DA8 /* SKServiceManager.swift */ = {isa = PBXFileReference; fileEncoding = 4; lastKnownFileType = sourcecode.swift; path = SKServiceManager.swift; sourceTree = "<group>"; };
		B15838BB21C3C20000C80DA8 /* SKServiceConstants.swift */ = {isa = PBXFileReference; fileEncoding = 4; lastKnownFileType = sourcecode.swift; path = SKServiceConstants.swift; sourceTree = "<group>"; };
		B15838BC21C3C20000C80DA8 /* SKServiceConfigauration.swift */ = {isa = PBXFileReference; fileEncoding = 4; lastKnownFileType = sourcecode.swift; path = SKServiceConfigauration.swift; sourceTree = "<group>"; };
		B15838BE21C3C20000C80DA8 /* SKUtility.swift */ = {isa = PBXFileReference; fileEncoding = 4; lastKnownFileType = sourcecode.swift; path = SKUtility.swift; sourceTree = "<group>"; };
		B15838C021C3C20000C80DA8 /* SKServiceManagerProtocol.swift */ = {isa = PBXFileReference; fileEncoding = 4; lastKnownFileType = sourcecode.swift; path = SKServiceManagerProtocol.swift; sourceTree = "<group>"; };
		B15838C221C3C20000C80DA8 /* ViewController.swift */ = {isa = PBXFileReference; fileEncoding = 4; lastKnownFileType = sourcecode.swift; path = ViewController.swift; sourceTree = "<group>"; };
		B15838C321C3C20000C80DA8 /* FCUtility.swift */ = {isa = PBXFileReference; fileEncoding = 4; lastKnownFileType = sourcecode.swift; path = FCUtility.swift; sourceTree = "<group>"; };
		B15838C421C3C20000C80DA8 /* APIConstants.swift */ = {isa = PBXFileReference; fileEncoding = 4; lastKnownFileType = sourcecode.swift; path = APIConstants.swift; sourceTree = "<group>"; };
		B15838C721C3C20000C80DA8 /* SGModelMappable.swift */ = {isa = PBXFileReference; fileEncoding = 4; lastKnownFileType = sourcecode.swift; path = SGModelMappable.swift; sourceTree = "<group>"; };
		B15838D521C3C62700C80DA8 /* FCCountryListViewModel.swift */ = {isa = PBXFileReference; fileEncoding = 4; lastKnownFileType = sourcecode.swift; path = FCCountryListViewModel.swift; sourceTree = "<group>"; };
		B15838D721C3C62700C80DA8 /* FCCountryListAPI.swift */ = {isa = PBXFileReference; fileEncoding = 4; lastKnownFileType = sourcecode.swift; path = FCCountryListAPI.swift; sourceTree = "<group>"; };
		B15838D821C3C62700C80DA8 /* FCCountryModel.swift */ = {isa = PBXFileReference; fileEncoding = 4; lastKnownFileType = sourcecode.swift; path = FCCountryModel.swift; sourceTree = "<group>"; };
		B15838DA21C3C62700C80DA8 /* FCCountryListViewController.swift */ = {isa = PBXFileReference; fileEncoding = 4; lastKnownFileType = sourcecode.swift; path = FCCountryListViewController.swift; sourceTree = "<group>"; };
		B15838E721C3CA5B00C80DA8 /* FCCountryListCell.swift */ = {isa = PBXFileReference; lastKnownFileType = sourcecode.swift; path = FCCountryListCell.swift; sourceTree = "<group>"; };
		B15838EB21C3CA7600C80DA8 /* FCCountryListCell.xib */ = {isa = PBXFileReference; lastKnownFileType = file.xib; path = FCCountryListCell.xib; sourceTree = "<group>"; };
		B15838F121C4DEA500C80DA8 /* Currencies.swift */ = {isa = PBXFileReference; fileEncoding = 4; lastKnownFileType = sourcecode.swift; path = Currencies.swift; sourceTree = "<group>"; };
		B15838F321C4DFBF00C80DA8 /* Languages.swift */ = {isa = PBXFileReference; fileEncoding = 4; lastKnownFileType = sourcecode.swift; path = Languages.swift; sourceTree = "<group>"; };
		B15838F521C4DFC500C80DA8 /* RegionalBlocs.swift */ = {isa = PBXFileReference; fileEncoding = 4; lastKnownFileType = sourcecode.swift; path = RegionalBlocs.swift; sourceTree = "<group>"; };
		B15838F721C4DFCD00C80DA8 /* Translations.swift */ = {isa = PBXFileReference; fileEncoding = 4; lastKnownFileType = sourcecode.swift; path = Translations.swift; sourceTree = "<group>"; };
		B15838FD21C52C4200C80DA8 /* FCCountriesFound.swift */ = {isa = PBXFileReference; lastKnownFileType = sourcecode.swift; path = FCCountriesFound.swift; sourceTree = "<group>"; };
		B158390321C6750D00C80DA8 /* FCCountryDetailViewController.swift */ = {isa = PBXFileReference; lastKnownFileType = sourcecode.swift; path = FCCountryDetailViewController.swift; sourceTree = "<group>"; };
		B158390521C683E300C80DA8 /* FCTranslationCell.swift */ = {isa = PBXFileReference; lastKnownFileType = sourcecode.swift; path = FCTranslationCell.swift; sourceTree = "<group>"; };
		B158390F21C742E500C80DA8 /* FCTitleCell.swift */ = {isa = PBXFileReference; lastKnownFileType = sourcecode.swift; path = FCTitleCell.swift; sourceTree = "<group>"; };
		B158391121C7778600C80DA8 /* FCSubdetailCell.swift */ = {isa = PBXFileReference; lastKnownFileType = sourcecode.swift; path = FCSubdetailCell.swift; sourceTree = "<group>"; };
		B158395021C7D8BC00C80DA8 /* FCDatabaseHelper.swift */ = {isa = PBXFileReference; lastKnownFileType = sourcecode.swift; path = FCDatabaseHelper.swift; sourceTree = "<group>"; };
		B158395221C7DE9500C80DA8 /* FCLanguages+CoreDataClass.swift */ = {isa = PBXFileReference; fileEncoding = 4; lastKnownFileType = sourcecode.swift; path = "FCLanguages+CoreDataClass.swift"; sourceTree = "<group>"; };
		B158395321C7DE9500C80DA8 /* FCCountry+CoreDataClass.swift */ = {isa = PBXFileReference; fileEncoding = 4; lastKnownFileType = sourcecode.swift; path = "FCCountry+CoreDataClass.swift"; sourceTree = "<group>"; };
		B158395421C7DE9500C80DA8 /* FCCurrencies+CoreDataProperties.swift */ = {isa = PBXFileReference; fileEncoding = 4; lastKnownFileType = sourcecode.swift; path = "FCCurrencies+CoreDataProperties.swift"; sourceTree = "<group>"; };
		B158395521C7DE9600C80DA8 /* FCCountry+CoreDataProperties.swift */ = {isa = PBXFileReference; fileEncoding = 4; lastKnownFileType = sourcecode.swift; path = "FCCountry+CoreDataProperties.swift"; sourceTree = "<group>"; };
		B158395621C7DE9600C80DA8 /* FCCurrencies+CoreDataClass.swift */ = {isa = PBXFileReference; fileEncoding = 4; lastKnownFileType = sourcecode.swift; path = "FCCurrencies+CoreDataClass.swift"; sourceTree = "<group>"; };
		B158395721C7DE9600C80DA8 /* FCRegionalBlocs+CoreDataProperties.swift */ = {isa = PBXFileReference; fileEncoding = 4; lastKnownFileType = sourcecode.swift; path = "FCRegionalBlocs+CoreDataProperties.swift"; sourceTree = "<group>"; };
		B158395821C7DE9600C80DA8 /* FCTranslations+CoreDataProperties.swift */ = {isa = PBXFileReference; fileEncoding = 4; lastKnownFileType = sourcecode.swift; path = "FCTranslations+CoreDataProperties.swift"; sourceTree = "<group>"; };
		B158395921C7DE9600C80DA8 /* FCRegionalBlocs+CoreDataClass.swift */ = {isa = PBXFileReference; fileEncoding = 4; lastKnownFileType = sourcecode.swift; path = "FCRegionalBlocs+CoreDataClass.swift"; sourceTree = "<group>"; };
		B158395A21C7DE9600C80DA8 /* FCTranslations+CoreDataClass.swift */ = {isa = PBXFileReference; fileEncoding = 4; lastKnownFileType = sourcecode.swift; path = "FCTranslations+CoreDataClass.swift"; sourceTree = "<group>"; };
		B158395B21C7DE9600C80DA8 /* FCLanguages+CoreDataProperties.swift */ = {isa = PBXFileReference; fileEncoding = 4; lastKnownFileType = sourcecode.swift; path = "FCLanguages+CoreDataProperties.swift"; sourceTree = "<group>"; };
		B1F9C27121CA72F0003A9AF0 /* UICollectionViewCell+Extension.swift */ = {isa = PBXFileReference; lastKnownFileType = sourcecode.swift; path = "UICollectionViewCell+Extension.swift"; sourceTree = "<group>"; };
		FCBEB1D0F334ABF157D2E4F7 /* Pods-FindCountry.debug.xcconfig */ = {isa = PBXFileReference; includeInIndex = 1; lastKnownFileType = text.xcconfig; name = "Pods-FindCountry.debug.xcconfig"; path = "Pods/Target Support Files/Pods-FindCountry/Pods-FindCountry.debug.xcconfig"; sourceTree = "<group>"; };
/* End PBXFileReference section */

/* Begin PBXFrameworksBuildPhase section */
		B158387821C3B1AE00C80DA8 /* Frameworks */ = {
			isa = PBXFrameworksBuildPhase;
			buildActionMask = 2147483647;
			files = (
				AE27B87393830694893FAF72 /* libPods-FindCountry.a in Frameworks */,
			);
			runOnlyForDeploymentPostprocessing = 0;
		};
		B158388F21C3B1AF00C80DA8 /* Frameworks */ = {
			isa = PBXFrameworksBuildPhase;
			buildActionMask = 2147483647;
			files = (
				CB1923A9688E5C3CED3526D2 /* libPods-FindCountryTests.a in Frameworks */,
			);
			runOnlyForDeploymentPostprocessing = 0;
		};
		B158389A21C3B1AF00C80DA8 /* Frameworks */ = {
			isa = PBXFrameworksBuildPhase;
			buildActionMask = 2147483647;
			files = (
				15AD36F211E255ED57C4B345 /* libPods-FindCountryUITests.a in Frameworks */,
			);
			runOnlyForDeploymentPostprocessing = 0;
		};
/* End PBXFrameworksBuildPhase section */

/* Begin PBXGroup section */
		0D1948E577AD7E3C4512B7A6 /* Pods */ = {
			isa = PBXGroup;
			children = (
				FCBEB1D0F334ABF157D2E4F7 /* Pods-FindCountry.debug.xcconfig */,
				A31DB3BB63C41EE8B0573470 /* Pods-FindCountry.release.xcconfig */,
				27826C9AD1757A3B113F8C7B /* Pods-FindCountryTests.debug.xcconfig */,
				31CE31C701965D3C396C5695 /* Pods-FindCountryTests.release.xcconfig */,
				87DC982706F52657957F6322 /* Pods-FindCountryUITests.debug.xcconfig */,
				38F5ECAB9C78CC1907C5F27A /* Pods-FindCountryUITests.release.xcconfig */,
			);
			name = Pods;
			sourceTree = "<group>";
		};
		512391D216DB2B475F72073E /* Frameworks */ = {
			isa = PBXGroup;
			children = (
				38B371538DCBB6292EFAAA4B /* libPods-FindCountry.a */,
				A9E836EF663FD233E6CDBDB0 /* libPods-FindCountryTests.a */,
				138B7C5D693FB7A207C36304 /* libPods-FindCountryUITests.a */,
			);
			name = Frameworks;
			sourceTree = "<group>";
		};
		B158387221C3B1AE00C80DA8 = {
			isa = PBXGroup;
			children = (
				B158387D21C3B1AE00C80DA8 /* FindCountry */,
				B158389521C3B1AF00C80DA8 /* FindCountryTests */,
				B15838A021C3B1AF00C80DA8 /* FindCountryUITests */,
				B158387C21C3B1AE00C80DA8 /* Products */,
				0D1948E577AD7E3C4512B7A6 /* Pods */,
				512391D216DB2B475F72073E /* Frameworks */,
			);
			sourceTree = "<group>";
		};
		B158387C21C3B1AE00C80DA8 /* Products */ = {
			isa = PBXGroup;
			children = (
				B158387B21C3B1AE00C80DA8 /* FindCountry.app */,
				B158389221C3B1AF00C80DA8 /* FindCountryTests.xctest */,
				B158389D21C3B1AF00C80DA8 /* FindCountryUITests.xctest */,
			);
			name = Products;
			sourceTree = "<group>";
		};
		B158387D21C3B1AE00C80DA8 /* FindCountry */ = {
			isa = PBXGroup;
			children = (
				B15838D321C3C62700C80DA8 /* Country Info */,
				B15838B721C3C20000C80DA8 /* ServiceLayer */,
				B15838C121C3C20000C80DA8 /* Shared */,
				B158387E21C3B1AE00C80DA8 /* AppDelegate.swift */,
				B158388221C3B1AE00C80DA8 /* Main.storyboard */,
				B158388821C3B1AF00C80DA8 /* Assets.xcassets */,
				B158388A21C3B1AF00C80DA8 /* LaunchScreen.storyboard */,
				B158388D21C3B1AF00C80DA8 /* Info.plist */,
				B158388521C3B1AE00C80DA8 /* FindCountry.xcdatamodeld */,
			);
			path = FindCountry;
			sourceTree = "<group>";
		};
		B158389521C3B1AF00C80DA8 /* FindCountryTests */ = {
			isa = PBXGroup;
			children = (
				B158389621C3B1AF00C80DA8 /* FindCountryTests.swift */,
				B158389821C3B1AF00C80DA8 /* Info.plist */,
			);
			path = FindCountryTests;
			sourceTree = "<group>";
		};
		B15838A021C3B1AF00C80DA8 /* FindCountryUITests */ = {
			isa = PBXGroup;
			children = (
				B15838A121C3B1AF00C80DA8 /* FindCountryUITests.swift */,
				B15838A321C3B1AF00C80DA8 /* Info.plist */,
			);
			path = FindCountryUITests;
			sourceTree = "<group>";
		};
		B15838B721C3C20000C80DA8 /* ServiceLayer */ = {
			isa = PBXGroup;
			children = (
				B15838B821C3C20000C80DA8 /* Manager */,
				B15838BA21C3C20000C80DA8 /* Common */,
				B15838BD21C3C20000C80DA8 /* Helper */,
				B15838BF21C3C20000C80DA8 /* Protocolos */,
			);
			path = ServiceLayer;
			sourceTree = "<group>";
		};
		B15838B821C3C20000C80DA8 /* Manager */ = {
			isa = PBXGroup;
			children = (
				B15838B921C3C20000C80DA8 /* SKServiceManager.swift */,
			);
			path = Manager;
			sourceTree = "<group>";
		};
		B15838BA21C3C20000C80DA8 /* Common */ = {
			isa = PBXGroup;
			children = (
				B15838BB21C3C20000C80DA8 /* SKServiceConstants.swift */,
				B15838BC21C3C20000C80DA8 /* SKServiceConfigauration.swift */,
			);
			path = Common;
			sourceTree = "<group>";
		};
		B15838BD21C3C20000C80DA8 /* Helper */ = {
			isa = PBXGroup;
			children = (
				B15838BE21C3C20000C80DA8 /* SKUtility.swift */,
			);
			path = Helper;
			sourceTree = "<group>";
		};
		B15838BF21C3C20000C80DA8 /* Protocolos */ = {
			isa = PBXGroup;
			children = (
				B15838C021C3C20000C80DA8 /* SKServiceManagerProtocol.swift */,
			);
			path = Protocolos;
			sourceTree = "<group>";
		};
		B15838C121C3C20000C80DA8 /* Shared */ = {
			isa = PBXGroup;
			children = (
				B15838C221C3C20000C80DA8 /* ViewController.swift */,
				B15838C321C3C20000C80DA8 /* FCUtility.swift */,
				B15838C421C3C20000C80DA8 /* APIConstants.swift */,
				B15838C721C3C20000C80DA8 /* SGModelMappable.swift */,
				B158395021C7D8BC00C80DA8 /* FCDatabaseHelper.swift */,
				B1F9C27121CA72F0003A9AF0 /* UICollectionViewCell+Extension.swift */,
			);
			path = Shared;
			sourceTree = "<group>";
		};
		B15838D321C3C62700C80DA8 /* Country Info */ = {
			isa = PBXGroup;
			children = (
				B158391321C7D4F500C80DA8 /* CoredataModel */,
				B15838D421C3C62700C80DA8 /* ViewModel */,
				B15838D621C3C62700C80DA8 /* Entity */,
				B15838D921C3C62700C80DA8 /* View */,
			);
			path = "Country Info";
			sourceTree = "<group>";
		};
		B15838D421C3C62700C80DA8 /* ViewModel */ = {
			isa = PBXGroup;
			children = (
				B15838D521C3C62700C80DA8 /* FCCountryListViewModel.swift */,
			);
			path = ViewModel;
			sourceTree = "<group>";
		};
		B15838D621C3C62700C80DA8 /* Entity */ = {
			isa = PBXGroup;
			children = (
				B15838D721C3C62700C80DA8 /* FCCountryListAPI.swift */,
				B15838D821C3C62700C80DA8 /* FCCountryModel.swift */,
				B15838F121C4DEA500C80DA8 /* Currencies.swift */,
				B15838F321C4DFBF00C80DA8 /* Languages.swift */,
				B15838F521C4DFC500C80DA8 /* RegionalBlocs.swift */,
				B15838F721C4DFCD00C80DA8 /* Translations.swift */,
				B15838FD21C52C4200C80DA8 /* FCCountriesFound.swift */,
			);
			path = Entity;
			sourceTree = "<group>";
		};
		B15838D921C3C62700C80DA8 /* View */ = {
			isa = PBXGroup;
			children = (
				B15838DA21C3C62700C80DA8 /* FCCountryListViewController.swift */,
				B15838E721C3CA5B00C80DA8 /* FCCountryListCell.swift */,
				B15838EB21C3CA7600C80DA8 /* FCCountryListCell.xib */,
				B158390321C6750D00C80DA8 /* FCCountryDetailViewController.swift */,
				B158390F21C742E500C80DA8 /* FCTitleCell.swift */,
				B158390521C683E300C80DA8 /* FCTranslationCell.swift */,
				B158391121C7778600C80DA8 /* FCSubdetailCell.swift */,
			);
			path = View;
			sourceTree = "<group>";
		};
		B158391321C7D4F500C80DA8 /* CoredataModel */ = {
			isa = PBXGroup;
			children = (
				B158395321C7DE9500C80DA8 /* FCCountry+CoreDataClass.swift */,
				B158395521C7DE9600C80DA8 /* FCCountry+CoreDataProperties.swift */,
				B158395621C7DE9600C80DA8 /* FCCurrencies+CoreDataClass.swift */,
				B158395421C7DE9500C80DA8 /* FCCurrencies+CoreDataProperties.swift */,
				B158395221C7DE9500C80DA8 /* FCLanguages+CoreDataClass.swift */,
				B158395B21C7DE9600C80DA8 /* FCLanguages+CoreDataProperties.swift */,
				B158395921C7DE9600C80DA8 /* FCRegionalBlocs+CoreDataClass.swift */,
				B158395721C7DE9600C80DA8 /* FCRegionalBlocs+CoreDataProperties.swift */,
				B158395A21C7DE9600C80DA8 /* FCTranslations+CoreDataClass.swift */,
				B158395821C7DE9600C80DA8 /* FCTranslations+CoreDataProperties.swift */,
			);
			path = CoredataModel;
			sourceTree = "<group>";
		};
/* End PBXGroup section */

/* Begin PBXHeadersBuildPhase section */
		B15838B321C3BB1E00C80DA8 /* Headers */ = {
			isa = PBXHeadersBuildPhase;
			buildActionMask = 2147483647;
			files = (
			);
			runOnlyForDeploymentPostprocessing = 0;
		};
/* End PBXHeadersBuildPhase section */

/* Begin PBXNativeTarget section */
		B158387A21C3B1AE00C80DA8 /* FindCountry */ = {
			isa = PBXNativeTarget;
			buildConfigurationList = B15838A621C3B1AF00C80DA8 /* Build configuration list for PBXNativeTarget "FindCountry" */;
			buildPhases = (
				2076C1CD13F3D135214C5C76 /* [CP] Check Pods Manifest.lock */,
				B15838B321C3BB1E00C80DA8 /* Headers */,
				B158387721C3B1AE00C80DA8 /* Sources */,
				B158387821C3B1AE00C80DA8 /* Frameworks */,
				B158387921C3B1AE00C80DA8 /* Resources */,
			);
			buildRules = (
			);
			dependencies = (
			);
			name = FindCountry;
			productName = FindCountry;
			productReference = B158387B21C3B1AE00C80DA8 /* FindCountry.app */;
			productType = "com.apple.product-type.application";
		};
		B158389121C3B1AF00C80DA8 /* FindCountryTests */ = {
			isa = PBXNativeTarget;
			buildConfigurationList = B15838A921C3B1AF00C80DA8 /* Build configuration list for PBXNativeTarget "FindCountryTests" */;
			buildPhases = (
				819EC9B275E6E687D416F527 /* [CP] Check Pods Manifest.lock */,
				B158388E21C3B1AF00C80DA8 /* Sources */,
				B158388F21C3B1AF00C80DA8 /* Frameworks */,
				B158389021C3B1AF00C80DA8 /* Resources */,
			);
			buildRules = (
			);
			dependencies = (
				B158389421C3B1AF00C80DA8 /* PBXTargetDependency */,
			);
			name = FindCountryTests;
			productName = FindCountryTests;
			productReference = B158389221C3B1AF00C80DA8 /* FindCountryTests.xctest */;
			productType = "com.apple.product-type.bundle.unit-test";
		};
		B158389C21C3B1AF00C80DA8 /* FindCountryUITests */ = {
			isa = PBXNativeTarget;
			buildConfigurationList = B15838AC21C3B1AF00C80DA8 /* Build configuration list for PBXNativeTarget "FindCountryUITests" */;
			buildPhases = (
				626BEA66342971216E71A618 /* [CP] Check Pods Manifest.lock */,
				B158389921C3B1AF00C80DA8 /* Sources */,
				B158389A21C3B1AF00C80DA8 /* Frameworks */,
				B158389B21C3B1AF00C80DA8 /* Resources */,
			);
			buildRules = (
			);
			dependencies = (
				B158389F21C3B1AF00C80DA8 /* PBXTargetDependency */,
			);
			name = FindCountryUITests;
			productName = FindCountryUITests;
			productReference = B158389D21C3B1AF00C80DA8 /* FindCountryUITests.xctest */;
			productType = "com.apple.product-type.bundle.ui-testing";
		};
/* End PBXNativeTarget section */

/* Begin PBXProject section */
		B158387321C3B1AE00C80DA8 /* Project object */ = {
			isa = PBXProject;
			attributes = {
				LastSwiftUpdateCheck = 1000;
				LastUpgradeCheck = 1000;
				ORGANIZATIONNAME = shabi;
				TargetAttributes = {
					B158387A21C3B1AE00C80DA8 = {
						CreatedOnToolsVersion = 10.0;
					};
					B158389121C3B1AF00C80DA8 = {
						CreatedOnToolsVersion = 10.0;
						TestTargetID = B158387A21C3B1AE00C80DA8;
					};
					B158389C21C3B1AF00C80DA8 = {
						CreatedOnToolsVersion = 10.0;
						TestTargetID = B158387A21C3B1AE00C80DA8;
					};
				};
			};
			buildConfigurationList = B158387621C3B1AE00C80DA8 /* Build configuration list for PBXProject "FindCountry" */;
			compatibilityVersion = "Xcode 9.3";
			developmentRegion = en;
			hasScannedForEncodings = 0;
			knownRegions = (
				en,
				Base,
			);
			mainGroup = B158387221C3B1AE00C80DA8;
			productRefGroup = B158387C21C3B1AE00C80DA8 /* Products */;
			projectDirPath = "";
			projectRoot = "";
			targets = (
				B158387A21C3B1AE00C80DA8 /* FindCountry */,
				B158389121C3B1AF00C80DA8 /* FindCountryTests */,
				B158389C21C3B1AF00C80DA8 /* FindCountryUITests */,
			);
		};
/* End PBXProject section */

/* Begin PBXResourcesBuildPhase section */
		B158387921C3B1AE00C80DA8 /* Resources */ = {
			isa = PBXResourcesBuildPhase;
			buildActionMask = 2147483647;
			files = (
				B158388C21C3B1AF00C80DA8 /* LaunchScreen.storyboard in Resources */,
				B158388921C3B1AF00C80DA8 /* Assets.xcassets in Resources */,
				B158388421C3B1AE00C80DA8 /* Main.storyboard in Resources */,
				B15838EC21C3CA7600C80DA8 /* FCCountryListCell.xib in Resources */,
			);
			runOnlyForDeploymentPostprocessing = 0;
		};
		B158389021C3B1AF00C80DA8 /* Resources */ = {
			isa = PBXResourcesBuildPhase;
			buildActionMask = 2147483647;
			files = (
				B15838ED21C3CA7600C80DA8 /* FCCountryListCell.xib in Resources */,
			);
			runOnlyForDeploymentPostprocessing = 0;
		};
		B158389B21C3B1AF00C80DA8 /* Resources */ = {
			isa = PBXResourcesBuildPhase;
			buildActionMask = 2147483647;
			files = (
				B15838EE21C3CA7600C80DA8 /* FCCountryListCell.xib in Resources */,
			);
			runOnlyForDeploymentPostprocessing = 0;
		};
/* End PBXResourcesBuildPhase section */

/* Begin PBXShellScriptBuildPhase section */
		2076C1CD13F3D135214C5C76 /* [CP] Check Pods Manifest.lock */ = {
			isa = PBXShellScriptBuildPhase;
			buildActionMask = 2147483647;
			files = (
			);
			inputPaths = (
				"${PODS_PODFILE_DIR_PATH}/Podfile.lock",
				"${PODS_ROOT}/Manifest.lock",
			);
			name = "[CP] Check Pods Manifest.lock";
			outputPaths = (
				"$(DERIVED_FILE_DIR)/Pods-FindCountry-checkManifestLockResult.txt",
			);
			runOnlyForDeploymentPostprocessing = 0;
			shellPath = /bin/sh;
			shellScript = "diff \"${PODS_PODFILE_DIR_PATH}/Podfile.lock\" \"${PODS_ROOT}/Manifest.lock\" > /dev/null\nif [ $? != 0 ] ; then\n    # print error to STDERR\n    echo \"error: The sandbox is not in sync with the Podfile.lock. Run 'pod install' or update your CocoaPods installation.\" >&2\n    exit 1\nfi\n# This output is used by Xcode 'outputs' to avoid re-running this script phase.\necho \"SUCCESS\" > \"${SCRIPT_OUTPUT_FILE_0}\"\n";
			showEnvVarsInLog = 0;
		};
		626BEA66342971216E71A618 /* [CP] Check Pods Manifest.lock */ = {
			isa = PBXShellScriptBuildPhase;
			buildActionMask = 2147483647;
			files = (
			);
			inputPaths = (
				"${PODS_PODFILE_DIR_PATH}/Podfile.lock",
				"${PODS_ROOT}/Manifest.lock",
			);
			name = "[CP] Check Pods Manifest.lock";
			outputPaths = (
				"$(DERIVED_FILE_DIR)/Pods-FindCountryUITests-checkManifestLockResult.txt",
			);
			runOnlyForDeploymentPostprocessing = 0;
			shellPath = /bin/sh;
			shellScript = "diff \"${PODS_PODFILE_DIR_PATH}/Podfile.lock\" \"${PODS_ROOT}/Manifest.lock\" > /dev/null\nif [ $? != 0 ] ; then\n    # print error to STDERR\n    echo \"error: The sandbox is not in sync with the Podfile.lock. Run 'pod install' or update your CocoaPods installation.\" >&2\n    exit 1\nfi\n# This output is used by Xcode 'outputs' to avoid re-running this script phase.\necho \"SUCCESS\" > \"${SCRIPT_OUTPUT_FILE_0}\"\n";
			showEnvVarsInLog = 0;
		};
		819EC9B275E6E687D416F527 /* [CP] Check Pods Manifest.lock */ = {
			isa = PBXShellScriptBuildPhase;
			buildActionMask = 2147483647;
			files = (
			);
			inputPaths = (
				"${PODS_PODFILE_DIR_PATH}/Podfile.lock",
				"${PODS_ROOT}/Manifest.lock",
			);
			name = "[CP] Check Pods Manifest.lock";
			outputPaths = (
				"$(DERIVED_FILE_DIR)/Pods-FindCountryTests-checkManifestLockResult.txt",
			);
			runOnlyForDeploymentPostprocessing = 0;
			shellPath = /bin/sh;
			shellScript = "diff \"${PODS_PODFILE_DIR_PATH}/Podfile.lock\" \"${PODS_ROOT}/Manifest.lock\" > /dev/null\nif [ $? != 0 ] ; then\n    # print error to STDERR\n    echo \"error: The sandbox is not in sync with the Podfile.lock. Run 'pod install' or update your CocoaPods installation.\" >&2\n    exit 1\nfi\n# This output is used by Xcode 'outputs' to avoid re-running this script phase.\necho \"SUCCESS\" > \"${SCRIPT_OUTPUT_FILE_0}\"\n";
			showEnvVarsInLog = 0;
		};
/* End PBXShellScriptBuildPhase section */

/* Begin PBXSourcesBuildPhase section */
		B158387721C3B1AE00C80DA8 /* Sources */ = {
			isa = PBXSourcesBuildPhase;
			buildActionMask = 2147483647;
			files = (
				B15838CF21C3C20000C80DA8 /* APIConstants.swift in Sources */,
				B158396121C7DE9600C80DA8 /* FCRegionalBlocs+CoreDataProperties.swift in Sources */,
				B158395D21C7DE9600C80DA8 /* FCCountry+CoreDataClass.swift in Sources */,
				B158387F21C3B1AE00C80DA8 /* AppDelegate.swift in Sources */,
				B15838CA21C3C20000C80DA8 /* SKServiceConfigauration.swift in Sources */,
				B15838E821C3CA5B00C80DA8 /* FCCountryListCell.swift in Sources */,
				B15838E421C3C62700C80DA8 /* FCCountryListViewController.swift in Sources */,
				B15838CD21C3C20000C80DA8 /* ViewController.swift in Sources */,
				B158396421C7DE9600C80DA8 /* FCTranslations+CoreDataClass.swift in Sources */,
				B158395C21C7DE9600C80DA8 /* FCLanguages+CoreDataClass.swift in Sources */,
				B158388721C3B1AE00C80DA8 /* FindCountry.xcdatamodeld in Sources */,
				B158395F21C7DE9600C80DA8 /* FCCountry+CoreDataProperties.swift in Sources */,
				B15838CB21C3C20000C80DA8 /* SKUtility.swift in Sources */,
				B158390421C6750D00C80DA8 /* FCCountryDetailViewController.swift in Sources */,
				B1F9C27221CA72F0003A9AF0 /* UICollectionViewCell+Extension.swift in Sources */,
				B15838F421C4DFBF00C80DA8 /* Languages.swift in Sources */,
				B15838DE21C3C62700C80DA8 /* FCCountryListAPI.swift in Sources */,
				B158396021C7DE9600C80DA8 /* FCCurrencies+CoreDataClass.swift in Sources */,
				B15838DB21C3C62700C80DA8 /* FCCountryListViewModel.swift in Sources */,
				B15838E121C3C62700C80DA8 /* FCCountryModel.swift in Sources */,
				B158396221C7DE9600C80DA8 /* FCTranslations+CoreDataProperties.swift in Sources */,
				B15838F221C4DEA500C80DA8 /* Currencies.swift in Sources */,
				B158390621C683E300C80DA8 /* FCTranslationCell.swift in Sources */,
				B15838F821C4DFCD00C80DA8 /* Translations.swift in Sources */,
				B15838CE21C3C20000C80DA8 /* FCUtility.swift in Sources */,
				B15838FE21C52C4200C80DA8 /* FCCountriesFound.swift in Sources */,
				B158395121C7D8BC00C80DA8 /* FCDatabaseHelper.swift in Sources */,
				B158395E21C7DE9600C80DA8 /* FCCurrencies+CoreDataProperties.swift in Sources */,
				B158391021C742E500C80DA8 /* FCTitleCell.swift in Sources */,
				B15838CC21C3C20000C80DA8 /* SKServiceManagerProtocol.swift in Sources */,
				B15838C821C3C20000C80DA8 /* SKServiceManager.swift in Sources */,
				B15838C921C3C20000C80DA8 /* SKServiceConstants.swift in Sources */,
				B15838D221C3C20000C80DA8 /* SGModelMappable.swift in Sources */,
				B15838F621C4DFC500C80DA8 /* RegionalBlocs.swift in Sources */,
				B158391221C7778600C80DA8 /* FCSubdetailCell.swift in Sources */,
				B158396521C7DE9600C80DA8 /* FCLanguages+CoreDataProperties.swift in Sources */,
				B158396321C7DE9600C80DA8 /* FCRegionalBlocs+CoreDataClass.swift in Sources */,
			);
			runOnlyForDeploymentPostprocessing = 0;
		};
		B158388E21C3B1AF00C80DA8 /* Sources */ = {
			isa = PBXSourcesBuildPhase;
			buildActionMask = 2147483647;
			files = (
				B158389721C3B1AF00C80DA8 /* FindCountryTests.swift in Sources */,
				B15838EF21C3CE1900C80DA8 /* ViewController.swift in Sources */,
			);
			runOnlyForDeploymentPostprocessing = 0;
		};
		B158389921C3B1AF00C80DA8 /* Sources */ = {
			isa = PBXSourcesBuildPhase;
			buildActionMask = 2147483647;
			files = (
				B15838A221C3B1AF00C80DA8 /* FindCountryUITests.swift in Sources */,
				B15838F021C3CE1900C80DA8 /* ViewController.swift in Sources */,
			);
			runOnlyForDeploymentPostprocessing = 0;
		};
/* End PBXSourcesBuildPhase section */

/* Begin PBXTargetDependency section */
		B158389421C3B1AF00C80DA8 /* PBXTargetDependency */ = {
			isa = PBXTargetDependency;
			target = B158387A21C3B1AE00C80DA8 /* FindCountry */;
			targetProxy = B158389321C3B1AF00C80DA8 /* PBXContainerItemProxy */;
		};
		B158389F21C3B1AF00C80DA8 /* PBXTargetDependency */ = {
			isa = PBXTargetDependency;
			target = B158387A21C3B1AE00C80DA8 /* FindCountry */;
			targetProxy = B158389E21C3B1AF00C80DA8 /* PBXContainerItemProxy */;
		};
/* End PBXTargetDependency section */

/* Begin PBXVariantGroup section */
		B158388221C3B1AE00C80DA8 /* Main.storyboard */ = {
			isa = PBXVariantGroup;
			children = (
				B158388321C3B1AE00C80DA8 /* Base */,
			);
			name = Main.storyboard;
			sourceTree = "<group>";
		};
		B158388A21C3B1AF00C80DA8 /* LaunchScreen.storyboard */ = {
			isa = PBXVariantGroup;
			children = (
				B158388B21C3B1AF00C80DA8 /* Base */,
			);
			name = LaunchScreen.storyboard;
			sourceTree = "<group>";
		};
/* End PBXVariantGroup section */

/* Begin XCBuildConfiguration section */
		B15838A421C3B1AF00C80DA8 /* Debug */ = {
			isa = XCBuildConfiguration;
			buildSettings = {
				ALWAYS_SEARCH_USER_PATHS = NO;
				CLANG_ANALYZER_NONNULL = YES;
				CLANG_ANALYZER_NUMBER_OBJECT_CONVERSION = YES_AGGRESSIVE;
				CLANG_CXX_LANGUAGE_STANDARD = "gnu++14";
				CLANG_CXX_LIBRARY = "libc++";
				CLANG_ENABLE_MODULES = YES;
				CLANG_ENABLE_OBJC_ARC = YES;
				CLANG_ENABLE_OBJC_WEAK = YES;
				CLANG_WARN_BLOCK_CAPTURE_AUTORELEASING = YES;
				CLANG_WARN_BOOL_CONVERSION = YES;
				CLANG_WARN_COMMA = YES;
				CLANG_WARN_CONSTANT_CONVERSION = YES;
				CLANG_WARN_DEPRECATED_OBJC_IMPLEMENTATIONS = YES;
				CLANG_WARN_DIRECT_OBJC_ISA_USAGE = YES_ERROR;
				CLANG_WARN_DOCUMENTATION_COMMENTS = YES;
				CLANG_WARN_EMPTY_BODY = YES;
				CLANG_WARN_ENUM_CONVERSION = YES;
				CLANG_WARN_INFINITE_RECURSION = YES;
				CLANG_WARN_INT_CONVERSION = YES;
				CLANG_WARN_NON_LITERAL_NULL_CONVERSION = YES;
				CLANG_WARN_OBJC_IMPLICIT_RETAIN_SELF = YES;
				CLANG_WARN_OBJC_LITERAL_CONVERSION = YES;
				CLANG_WARN_OBJC_ROOT_CLASS = YES_ERROR;
				CLANG_WARN_RANGE_LOOP_ANALYSIS = YES;
				CLANG_WARN_STRICT_PROTOTYPES = YES;
				CLANG_WARN_SUSPICIOUS_MOVE = YES;
				CLANG_WARN_UNGUARDED_AVAILABILITY = YES_AGGRESSIVE;
				CLANG_WARN_UNREACHABLE_CODE = YES;
				CLANG_WARN__DUPLICATE_METHOD_MATCH = YES;
				CODE_SIGN_IDENTITY = "iPhone Developer";
				COPY_PHASE_STRIP = NO;
				DEBUG_INFORMATION_FORMAT = dwarf;
				ENABLE_STRICT_OBJC_MSGSEND = YES;
				ENABLE_TESTABILITY = YES;
				GCC_C_LANGUAGE_STANDARD = gnu11;
				GCC_DYNAMIC_NO_PIC = NO;
				GCC_NO_COMMON_BLOCKS = YES;
				GCC_OPTIMIZATION_LEVEL = 0;
				GCC_PREPROCESSOR_DEFINITIONS = (
					"DEBUG=1",
					"$(inherited)",
				);
				GCC_WARN_64_TO_32_BIT_CONVERSION = YES;
				GCC_WARN_ABOUT_RETURN_TYPE = YES_ERROR;
				GCC_WARN_UNDECLARED_SELECTOR = YES;
				GCC_WARN_UNINITIALIZED_AUTOS = YES_AGGRESSIVE;
				GCC_WARN_UNUSED_FUNCTION = YES;
				GCC_WARN_UNUSED_VARIABLE = YES;
				IPHONEOS_DEPLOYMENT_TARGET = 12.0;
				MTL_ENABLE_DEBUG_INFO = INCLUDE_SOURCE;
				MTL_FAST_MATH = YES;
				ONLY_ACTIVE_ARCH = YES;
				SDKROOT = iphoneos;
				SWIFT_ACTIVE_COMPILATION_CONDITIONS = DEBUG;
				SWIFT_OPTIMIZATION_LEVEL = "-Onone";
			};
			name = Debug;
		};
		B15838A521C3B1AF00C80DA8 /* Release */ = {
			isa = XCBuildConfiguration;
			buildSettings = {
				ALWAYS_SEARCH_USER_PATHS = NO;
				CLANG_ANALYZER_NONNULL = YES;
				CLANG_ANALYZER_NUMBER_OBJECT_CONVERSION = YES_AGGRESSIVE;
				CLANG_CXX_LANGUAGE_STANDARD = "gnu++14";
				CLANG_CXX_LIBRARY = "libc++";
				CLANG_ENABLE_MODULES = YES;
				CLANG_ENABLE_OBJC_ARC = YES;
				CLANG_ENABLE_OBJC_WEAK = YES;
				CLANG_WARN_BLOCK_CAPTURE_AUTORELEASING = YES;
				CLANG_WARN_BOOL_CONVERSION = YES;
				CLANG_WARN_COMMA = YES;
				CLANG_WARN_CONSTANT_CONVERSION = YES;
				CLANG_WARN_DEPRECATED_OBJC_IMPLEMENTATIONS = YES;
				CLANG_WARN_DIRECT_OBJC_ISA_USAGE = YES_ERROR;
				CLANG_WARN_DOCUMENTATION_COMMENTS = YES;
				CLANG_WARN_EMPTY_BODY = YES;
				CLANG_WARN_ENUM_CONVERSION = YES;
				CLANG_WARN_INFINITE_RECURSION = YES;
				CLANG_WARN_INT_CONVERSION = YES;
				CLANG_WARN_NON_LITERAL_NULL_CONVERSION = YES;
				CLANG_WARN_OBJC_IMPLICIT_RETAIN_SELF = YES;
				CLANG_WARN_OBJC_LITERAL_CONVERSION = YES;
				CLANG_WARN_OBJC_ROOT_CLASS = YES_ERROR;
				CLANG_WARN_RANGE_LOOP_ANALYSIS = YES;
				CLANG_WARN_STRICT_PROTOTYPES = YES;
				CLANG_WARN_SUSPICIOUS_MOVE = YES;
				CLANG_WARN_UNGUARDED_AVAILABILITY = YES_AGGRESSIVE;
				CLANG_WARN_UNREACHABLE_CODE = YES;
				CLANG_WARN__DUPLICATE_METHOD_MATCH = YES;
				CODE_SIGN_IDENTITY = "iPhone Developer";
				COPY_PHASE_STRIP = NO;
				DEBUG_INFORMATION_FORMAT = "dwarf-with-dsym";
				ENABLE_NS_ASSERTIONS = NO;
				ENABLE_STRICT_OBJC_MSGSEND = YES;
				GCC_C_LANGUAGE_STANDARD = gnu11;
				GCC_NO_COMMON_BLOCKS = YES;
				GCC_WARN_64_TO_32_BIT_CONVERSION = YES;
				GCC_WARN_ABOUT_RETURN_TYPE = YES_ERROR;
				GCC_WARN_UNDECLARED_SELECTOR = YES;
				GCC_WARN_UNINITIALIZED_AUTOS = YES_AGGRESSIVE;
				GCC_WARN_UNUSED_FUNCTION = YES;
				GCC_WARN_UNUSED_VARIABLE = YES;
				IPHONEOS_DEPLOYMENT_TARGET = 12.0;
				MTL_ENABLE_DEBUG_INFO = NO;
				MTL_FAST_MATH = YES;
				SDKROOT = iphoneos;
				SWIFT_COMPILATION_MODE = wholemodule;
				SWIFT_OPTIMIZATION_LEVEL = "-O";
				VALIDATE_PRODUCT = YES;
			};
			name = Release;
		};
		B15838A721C3B1AF00C80DA8 /* Debug */ = {
			isa = XCBuildConfiguration;
			baseConfigurationReference = FCBEB1D0F334ABF157D2E4F7 /* Pods-FindCountry.debug.xcconfig */;
			buildSettings = {
				ASSETCATALOG_COMPILER_APPICON_NAME = AppIcon;
				CODE_SIGN_STYLE = Automatic;
				DEVELOPMENT_TEAM = U9R8392X8G;
				INFOPLIST_FILE = FindCountry/Info.plist;
				LD_RUNPATH_SEARCH_PATHS = (
					"$(inherited)",
					"@executable_path/Frameworks",
				);
				PRODUCT_BUNDLE_IDENTIFIER = com.shabi.FindCountry;
				PRODUCT_NAME = "$(TARGET_NAME)";
				SWIFT_VERSION = 4.2;
				TARGETED_DEVICE_FAMILY = "1,2";
			};
			name = Debug;
		};
		B15838A821C3B1AF00C80DA8 /* Release */ = {
			isa = XCBuildConfiguration;
			baseConfigurationReference = A31DB3BB63C41EE8B0573470 /* Pods-FindCountry.release.xcconfig */;
			buildSettings = {
				ASSETCATALOG_COMPILER_APPICON_NAME = AppIcon;
				CODE_SIGN_STYLE = Automatic;
				DEVELOPMENT_TEAM = U9R8392X8G;
				INFOPLIST_FILE = FindCountry/Info.plist;
				LD_RUNPATH_SEARCH_PATHS = (
					"$(inherited)",
					"@executable_path/Frameworks",
				);
				PRODUCT_BUNDLE_IDENTIFIER = com.shabi.FindCountry;
				PRODUCT_NAME = "$(TARGET_NAME)";
				SWIFT_VERSION = 4.2;
				TARGETED_DEVICE_FAMILY = "1,2";
			};
			name = Release;
		};
		B15838AA21C3B1AF00C80DA8 /* Debug */ = {
			isa = XCBuildConfiguration;
			baseConfigurationReference = 27826C9AD1757A3B113F8C7B /* Pods-FindCountryTests.debug.xcconfig */;
			buildSettings = {
				ALWAYS_EMBED_SWIFT_STANDARD_LIBRARIES = YES;
				BUNDLE_LOADER = "$(TEST_HOST)";
				CODE_SIGN_STYLE = Automatic;
				DEVELOPMENT_TEAM = 7Q8M53R5X9;
				INFOPLIST_FILE = FindCountryTests/Info.plist;
				LD_RUNPATH_SEARCH_PATHS = (
					"$(inherited)",
					"@executable_path/Frameworks",
					"@loader_path/Frameworks",
				);
				PRODUCT_BUNDLE_IDENTIFIER = com.shabi.FindCountryTests;
				PRODUCT_NAME = "$(TARGET_NAME)";
				SWIFT_VERSION = 4.2;
				TARGETED_DEVICE_FAMILY = "1,2";
				TEST_HOST = "$(BUILT_PRODUCTS_DIR)/FindCountry.app/FindCountry";
			};
			name = Debug;
		};
		B15838AB21C3B1AF00C80DA8 /* Release */ = {
			isa = XCBuildConfiguration;
			baseConfigurationReference = 31CE31C701965D3C396C5695 /* Pods-FindCountryTests.release.xcconfig */;
			buildSettings = {
				ALWAYS_EMBED_SWIFT_STANDARD_LIBRARIES = YES;
				BUNDLE_LOADER = "$(TEST_HOST)";
				CODE_SIGN_STYLE = Automatic;
				DEVELOPMENT_TEAM = 7Q8M53R5X9;
				INFOPLIST_FILE = FindCountryTests/Info.plist;
				LD_RUNPATH_SEARCH_PATHS = (
					"$(inherited)",
					"@executable_path/Frameworks",
					"@loader_path/Frameworks",
				);
				PRODUCT_BUNDLE_IDENTIFIER = com.shabi.FindCountryTests;
				PRODUCT_NAME = "$(TARGET_NAME)";
				SWIFT_VERSION = 4.2;
				TARGETED_DEVICE_FAMILY = "1,2";
				TEST_HOST = "$(BUILT_PRODUCTS_DIR)/FindCountry.app/FindCountry";
			};
			name = Release;
		};
		B15838AD21C3B1AF00C80DA8 /* Debug */ = {
			isa = XCBuildConfiguration;
			baseConfigurationReference = 87DC982706F52657957F6322 /* Pods-FindCountryUITests.debug.xcconfig */;
			buildSettings = {
				ALWAYS_EMBED_SWIFT_STANDARD_LIBRARIES = YES;
				CODE_SIGN_STYLE = Automatic;
				DEVELOPMENT_TEAM = 7Q8M53R5X9;
				INFOPLIST_FILE = FindCountryUITests/Info.plist;
				LD_RUNPATH_SEARCH_PATHS = (
					"$(inherited)",
					"@executable_path/Frameworks",
					"@loader_path/Frameworks",
				);
				PRODUCT_BUNDLE_IDENTIFIER = com.shabi.FindCountryUITests;
				PRODUCT_NAME = "$(TARGET_NAME)";
				SWIFT_VERSION = 4.2;
				TARGETED_DEVICE_FAMILY = "1,2";
				TEST_TARGET_NAME = FindCountry;
			};
			name = Debug;
		};
		B15838AE21C3B1AF00C80DA8 /* Release */ = {
			isa = XCBuildConfiguration;
			baseConfigurationReference = 38F5ECAB9C78CC1907C5F27A /* Pods-FindCountryUITests.release.xcconfig */;
			buildSettings = {
				ALWAYS_EMBED_SWIFT_STANDARD_LIBRARIES = YES;
				CODE_SIGN_STYLE = Automatic;
				DEVELOPMENT_TEAM = 7Q8M53R5X9;
				INFOPLIST_FILE = FindCountryUITests/Info.plist;
				LD_RUNPATH_SEARCH_PATHS = (
					"$(inherited)",
					"@executable_path/Frameworks",
					"@loader_path/Frameworks",
				);
				PRODUCT_BUNDLE_IDENTIFIER = com.shabi.FindCountryUITests;
				PRODUCT_NAME = "$(TARGET_NAME)";
				SWIFT_VERSION = 4.2;
				TARGETED_DEVICE_FAMILY = "1,2";
				TEST_TARGET_NAME = FindCountry;
			};
			name = Release;
		};
/* End XCBuildConfiguration section */

/* Begin XCConfigurationList section */
		B158387621C3B1AE00C80DA8 /* Build configuration list for PBXProject "FindCountry" */ = {
			isa = XCConfigurationList;
			buildConfigurations = (
				B15838A421C3B1AF00C80DA8 /* Debug */,
				B15838A521C3B1AF00C80DA8 /* Release */,
			);
			defaultConfigurationIsVisible = 0;
			defaultConfigurationName = Release;
		};
		B15838A621C3B1AF00C80DA8 /* Build configuration list for PBXNativeTarget "FindCountry" */ = {
			isa = XCConfigurationList;
			buildConfigurations = (
				B15838A721C3B1AF00C80DA8 /* Debug */,
				B15838A821C3B1AF00C80DA8 /* Release */,
			);
			defaultConfigurationIsVisible = 0;
			defaultConfigurationName = Release;
		};
		B15838A921C3B1AF00C80DA8 /* Build configuration list for PBXNativeTarget "FindCountryTests" */ = {
			isa = XCConfigurationList;
			buildConfigurations = (
				B15838AA21C3B1AF00C80DA8 /* Debug */,
				B15838AB21C3B1AF00C80DA8 /* Release */,
			);
			defaultConfigurationIsVisible = 0;
			defaultConfigurationName = Release;
		};
		B15838AC21C3B1AF00C80DA8 /* Build configuration list for PBXNativeTarget "FindCountryUITests" */ = {
			isa = XCConfigurationList;
			buildConfigurations = (
				B15838AD21C3B1AF00C80DA8 /* Debug */,
				B15838AE21C3B1AF00C80DA8 /* Release */,
			);
			defaultConfigurationIsVisible = 0;
			defaultConfigurationName = Release;
		};
/* End XCConfigurationList section */

/* Begin XCVersionGroup section */
		B158388521C3B1AE00C80DA8 /* FindCountry.xcdatamodeld */ = {
			isa = XCVersionGroup;
			children = (
				B158388621C3B1AE00C80DA8 /* FindCountry.xcdatamodel */,
			);
			currentVersion = B158388621C3B1AE00C80DA8 /* FindCountry.xcdatamodel */;
			path = FindCountry.xcdatamodeld;
			sourceTree = "<group>";
			versionGroupType = wrapper.xcdatamodel;
		};
/* End XCVersionGroup section */
	};
	rootObject = B158387321C3B1AE00C80DA8 /* Project object */;
}
